// !$*UTF8*$!
{
	archiveVersion = 1;
	classes = {
	};
	objectVersion = 55;
	objects = {

/* Begin PBXBuildFile section */
		9A02D2372894844E004BE298 /* MovieTableViewCell.swift in Sources */ = {isa = PBXBuildFile; fileRef = 9A02D2362894844E004BE298 /* MovieTableViewCell.swift */; };
		9A1C1EDE2894495E00E3B897 /* AppDelegate.swift in Sources */ = {isa = PBXBuildFile; fileRef = 9A1C1EDD2894495E00E3B897 /* AppDelegate.swift */; };
		9A1C1EE02894495E00E3B897 /* SceneDelegate.swift in Sources */ = {isa = PBXBuildFile; fileRef = 9A1C1EDF2894495E00E3B897 /* SceneDelegate.swift */; };
		9A1C1EE22894495E00E3B897 /* MainPageViewController.swift in Sources */ = {isa = PBXBuildFile; fileRef = 9A1C1EE12894495E00E3B897 /* MainPageViewController.swift */; };
		9A1C1EE82894495E00E3B897 /* FlatRockyMovies.xcdatamodeld in Sources */ = {isa = PBXBuildFile; fileRef = 9A1C1EE62894495E00E3B897 /* FlatRockyMovies.xcdatamodeld */; };
		9A1C1EEA2894496100E3B897 /* Assets.xcassets in Resources */ = {isa = PBXBuildFile; fileRef = 9A1C1EE92894496100E3B897 /* Assets.xcassets */; };
		9A1C1EED2894496100E3B897 /* LaunchScreen.storyboard in Resources */ = {isa = PBXBuildFile; fileRef = 9A1C1EEB2894496100E3B897 /* LaunchScreen.storyboard */; };
		9A1C1EF92894632800E3B897 /* MovieService.swift in Sources */ = {isa = PBXBuildFile; fileRef = 9A1C1EF82894632800E3B897 /* MovieService.swift */; };
		9A1C1EFB2894636300E3B897 /* FetchMovie.swift in Sources */ = {isa = PBXBuildFile; fileRef = 9A1C1EFA2894636300E3B897 /* FetchMovie.swift */; };
		9A4DB70328946B1B0022B751 /* MovieModel.swift in Sources */ = {isa = PBXBuildFile; fileRef = 9A4DB70228946B1B0022B751 /* MovieModel.swift */; };
		9A4DB70528946B700022B751 /* Utils.swift in Sources */ = {isa = PBXBuildFile; fileRef = 9A4DB70428946B700022B751 /* Utils.swift */; };
		9A4DB707289473C00022B751 /* MainScreenViewModel.swift in Sources */ = {isa = PBXBuildFile; fileRef = 9A4DB706289473C00022B751 /* MainScreenViewModel.swift */; };
/* End PBXBuildFile section */

/* Begin PBXFileReference section */
		9A02D2362894844E004BE298 /* MovieTableViewCell.swift */ = {isa = PBXFileReference; lastKnownFileType = sourcecode.swift; path = MovieTableViewCell.swift; sourceTree = "<group>"; };
		9A1C1EDA2894495E00E3B897 /* FlatRockyMovies.app */ = {isa = PBXFileReference; explicitFileType = wrapper.application; includeInIndex = 0; path = FlatRockyMovies.app; sourceTree = BUILT_PRODUCTS_DIR; };
		9A1C1EDD2894495E00E3B897 /* AppDelegate.swift */ = {isa = PBXFileReference; lastKnownFileType = sourcecode.swift; path = AppDelegate.swift; sourceTree = "<group>"; };
		9A1C1EDF2894495E00E3B897 /* SceneDelegate.swift */ = {isa = PBXFileReference; lastKnownFileType = sourcecode.swift; path = SceneDelegate.swift; sourceTree = "<group>"; };
		9A1C1EE12894495E00E3B897 /* MainPageViewController.swift */ = {isa = PBXFileReference; lastKnownFileType = sourcecode.swift; path = MainPageViewController.swift; sourceTree = "<group>"; };
		9A1C1EE72894495E00E3B897 /* FlatRockyMovies.xcdatamodel */ = {isa = PBXFileReference; lastKnownFileType = wrapper.xcdatamodel; path = FlatRockyMovies.xcdatamodel; sourceTree = "<group>"; };
		9A1C1EE92894496100E3B897 /* Assets.xcassets */ = {isa = PBXFileReference; lastKnownFileType = folder.assetcatalog; path = Assets.xcassets; sourceTree = "<group>"; };
		9A1C1EEC2894496100E3B897 /* Base */ = {isa = PBXFileReference; lastKnownFileType = file.storyboard; name = Base; path = Base.lproj/LaunchScreen.storyboard; sourceTree = "<group>"; };
		9A1C1EEE2894496100E3B897 /* Info.plist */ = {isa = PBXFileReference; lastKnownFileType = text.plist.xml; path = Info.plist; sourceTree = "<group>"; };
		9A1C1EF82894632800E3B897 /* MovieService.swift */ = {isa = PBXFileReference; lastKnownFileType = sourcecode.swift; path = MovieService.swift; sourceTree = "<group>"; };
		9A1C1EFA2894636300E3B897 /* FetchMovie.swift */ = {isa = PBXFileReference; lastKnownFileType = sourcecode.swift; path = FetchMovie.swift; sourceTree = "<group>"; };
		9A4DB70228946B1B0022B751 /* MovieModel.swift */ = {isa = PBXFileReference; lastKnownFileType = sourcecode.swift; path = MovieModel.swift; sourceTree = "<group>"; };
		9A4DB70428946B700022B751 /* Utils.swift */ = {isa = PBXFileReference; lastKnownFileType = sourcecode.swift; path = Utils.swift; sourceTree = "<group>"; };
		9A4DB706289473C00022B751 /* MainScreenViewModel.swift */ = {isa = PBXFileReference; lastKnownFileType = sourcecode.swift; path = MainScreenViewModel.swift; sourceTree = "<group>"; };
/* End PBXFileReference section */

/* Begin PBXFrameworksBuildPhase section */
		9A1C1ED72894495E00E3B897 /* Frameworks */ = {
			isa = PBXFrameworksBuildPhase;
			buildActionMask = 2147483647;
			files = (
			);
			runOnlyForDeploymentPostprocessing = 0;
		};
/* End PBXFrameworksBuildPhase section */

/* Begin PBXGroup section */
		9A1C1ED12894495D00E3B897 = {
			isa = PBXGroup;
			children = (
				9A1C1EDC2894495E00E3B897 /* FlatRockyMovies */,
				9A1C1EDB2894495E00E3B897 /* Products */,
			);
			sourceTree = "<group>";
		};
		9A1C1EDB2894495E00E3B897 /* Products */ = {
			isa = PBXGroup;
			children = (
				9A1C1EDA2894495E00E3B897 /* FlatRockyMovies.app */,
			);
			name = Products;
			sourceTree = "<group>";
		};
		9A1C1EDC2894495E00E3B897 /* FlatRockyMovies */ = {
			isa = PBXGroup;
			children = (
				9A1C1EF4289452CF00E3B897 /* SupportingFiles */,
				9A1C1EF5289462E000E3B897 /* Screens */,
			);
			path = FlatRockyMovies;
			sourceTree = "<group>";
		};
		9A1C1EF4289452CF00E3B897 /* SupportingFiles */ = {
			isa = PBXGroup;
			children = (
				9A1C1EDD2894495E00E3B897 /* AppDelegate.swift */,
				9A1C1EDF2894495E00E3B897 /* SceneDelegate.swift */,
				9A4DB70428946B700022B751 /* Utils.swift */,
				9A1C1EE92894496100E3B897 /* Assets.xcassets */,
				9A1C1EEB2894496100E3B897 /* LaunchScreen.storyboard */,
				9A1C1EEE2894496100E3B897 /* Info.plist */,
				9A1C1EE62894495E00E3B897 /* FlatRockyMovies.xcdatamodeld */,
			);
			path = SupportingFiles;
			sourceTree = "<group>";
		};
		9A1C1EF5289462E000E3B897 /* Screens */ = {
			isa = PBXGroup;
			children = (
				9A1C1EF6289462F000E3B897 /* MainPage */,
			);
			path = Screens;
			sourceTree = "<group>";
		};
		9A1C1EF6289462F000E3B897 /* MainPage */ = {
			isa = PBXGroup;
			children = (
				9A4DB70128946B110022B751 /* Model */,
				9A75E734289539D600F04D2D /* ViewModel */,
				9A1C1EE12894495E00E3B897 /* MainPageViewController.swift */,
				9A02D2362894844E004BE298 /* MovieTableViewCell.swift */,
			);
			path = MainPage;
			sourceTree = "<group>";
		};
		9A1C1EF72894630200E3B897 /* APIService */ = {
			isa = PBXGroup;
			children = (
				9A1C1EF82894632800E3B897 /* MovieService.swift */,
				9A1C1EFA2894636300E3B897 /* FetchMovie.swift */,
			);
			path = APIService;
			sourceTree = "<group>";
		};
		9A4DB70128946B110022B751 /* Model */ = {
			isa = PBXGroup;
			children = (
				9A4DB70228946B1B0022B751 /* MovieModel.swift */,
			);
			path = Model;
			sourceTree = "<group>";
		};
		9A75E734289539D600F04D2D /* ViewModel */ = {
			isa = PBXGroup;
			children = (
				9A1C1EF72894630200E3B897 /* APIService */,
				9A4DB706289473C00022B751 /* MainScreenViewModel.swift */,
			);
			path = ViewModel;
			sourceTree = "<group>";
		};
/* End PBXGroup section */

/* Begin PBXNativeTarget section */
		9A1C1ED92894495E00E3B897 /* FlatRockyMovies */ = {
			isa = PBXNativeTarget;
			buildConfigurationList = 9A1C1EF12894496100E3B897 /* Build configuration list for PBXNativeTarget "FlatRockyMovies" */;
			buildPhases = (
				9A1C1ED62894495E00E3B897 /* Sources */,
				9A1C1ED72894495E00E3B897 /* Frameworks */,
				9A1C1ED82894495E00E3B897 /* Resources */,
			);
			buildRules = (
			);
			dependencies = (
			);
			name = FlatRockyMovies;
			productName = FlatRockyMovies;
			productReference = 9A1C1EDA2894495E00E3B897 /* FlatRockyMovies.app */;
			productType = "com.apple.product-type.application";
		};
/* End PBXNativeTarget section */

/* Begin PBXProject section */
		9A1C1ED22894495D00E3B897 /* Project object */ = {
			isa = PBXProject;
			attributes = {
				BuildIndependentTargetsInParallel = 1;
				LastSwiftUpdateCheck = 1340;
				LastUpgradeCheck = 1340;
				TargetAttributes = {
					9A1C1ED92894495E00E3B897 = {
						CreatedOnToolsVersion = 13.4.1;
					};
				};
			};
			buildConfigurationList = 9A1C1ED52894495D00E3B897 /* Build configuration list for PBXProject "FlatRockyMovies" */;
			compatibilityVersion = "Xcode 13.0";
			developmentRegion = en;
			hasScannedForEncodings = 0;
			knownRegions = (
				en,
				Base,
			);
			mainGroup = 9A1C1ED12894495D00E3B897;
			productRefGroup = 9A1C1EDB2894495E00E3B897 /* Products */;
			projectDirPath = "";
			projectRoot = "";
			targets = (
				9A1C1ED92894495E00E3B897 /* FlatRockyMovies */,
			);
		};
/* End PBXProject section */

/* Begin PBXResourcesBuildPhase section */
		9A1C1ED82894495E00E3B897 /* Resources */ = {
			isa = PBXResourcesBuildPhase;
			buildActionMask = 2147483647;
			files = (
				9A1C1EED2894496100E3B897 /* LaunchScreen.storyboard in Resources */,
				9A1C1EEA2894496100E3B897 /* Assets.xcassets in Resources */,
			);
			runOnlyForDeploymentPostprocessing = 0;
		};
/* End PBXResourcesBuildPhase section */

/* Begin PBXSourcesBuildPhase section */
		9A1C1ED62894495E00E3B897 /* Sources */ = {
			isa = PBXSourcesBuildPhase;
			buildActionMask = 2147483647;
			files = (
				9A02D2372894844E004BE298 /* MovieTableViewCell.swift in Sources */,
				9A4DB70328946B1B0022B751 /* MovieModel.swift in Sources */,
				9A1C1EE22894495E00E3B897 /* MainPageViewController.swift in Sources */,
				9A1C1EDE2894495E00E3B897 /* AppDelegate.swift in Sources */,
				9A1C1EE82894495E00E3B897 /* FlatRockyMovies.xcdatamodeld in Sources */,
				9A1C1EFB2894636300E3B897 /* FetchMovie.swift in Sources */,
				9A4DB707289473C00022B751 /* MainScreenViewModel.swift in Sources */,
				9A1C1EE02894495E00E3B897 /* SceneDelegate.swift in Sources */,
				9A1C1EF92894632800E3B897 /* MovieService.swift in Sources */,
				9A4DB70528946B700022B751 /* Utils.swift in Sources */,
			);
			runOnlyForDeploymentPostprocessing = 0;
		};
/* End PBXSourcesBuildPhase section */

/* Begin PBXVariantGroup section */
		9A1C1EEB2894496100E3B897 /* LaunchScreen.storyboard */ = {
			isa = PBXVariantGroup;
			children = (
				9A1C1EEC2894496100E3B897 /* Base */,
			);
			name = LaunchScreen.storyboard;
			sourceTree = "<group>";
		};
/* End PBXVariantGroup section */

/* Begin XCBuildConfiguration section */
		9A1C1EEF2894496100E3B897 /* Debug */ = {
			isa = XCBuildConfiguration;
			buildSettings = {
				ALWAYS_SEARCH_USER_PATHS = NO;
				CLANG_ANALYZER_NONNULL = YES;
				CLANG_ANALYZER_NUMBER_OBJECT_CONVERSION = YES_AGGRESSIVE;
				CLANG_CXX_LANGUAGE_STANDARD = "gnu++17";
				CLANG_ENABLE_MODULES = YES;
				CLANG_ENABLE_OBJC_ARC = YES;
				CLANG_ENABLE_OBJC_WEAK = YES;
				CLANG_WARN_BLOCK_CAPTURE_AUTORELEASING = YES;
				CLANG_WARN_BOOL_CONVERSION = YES;
				CLANG_WARN_COMMA = YES;
				CLANG_WARN_CONSTANT_CONVERSION = YES;
				CLANG_WARN_DEPRECATED_OBJC_IMPLEMENTATIONS = YES;
				CLANG_WARN_DIRECT_OBJC_ISA_USAGE = YES_ERROR;
				CLANG_WARN_DOCUMENTATION_COMMENTS = YES;
				CLANG_WARN_EMPTY_BODY = YES;
				CLANG_WARN_ENUM_CONVERSION = YES;
				CLANG_WARN_INFINITE_RECURSION = YES;
				CLANG_WARN_INT_CONVERSION = YES;
				CLANG_WARN_NON_LITERAL_NULL_CONVERSION = YES;
				CLANG_WARN_OBJC_IMPLICIT_RETAIN_SELF = YES;
				CLANG_WARN_OBJC_LITERAL_CONVERSION = YES;
				CLANG_WARN_OBJC_ROOT_CLASS = YES_ERROR;
				CLANG_WARN_QUOTED_INCLUDE_IN_FRAMEWORK_HEADER = YES;
				CLANG_WARN_RANGE_LOOP_ANALYSIS = YES;
				CLANG_WARN_STRICT_PROTOTYPES = YES;
				CLANG_WARN_SUSPICIOUS_MOVE = YES;
				CLANG_WARN_UNGUARDED_AVAILABILITY = YES_AGGRESSIVE;
				CLANG_WARN_UNREACHABLE_CODE = YES;
				CLANG_WARN__DUPLICATE_METHOD_MATCH = YES;
				COPY_PHASE_STRIP = NO;
				DEBUG_INFORMATION_FORMAT = dwarf;
				ENABLE_STRICT_OBJC_MSGSEND = YES;
				ENABLE_TESTABILITY = YES;
				GCC_C_LANGUAGE_STANDARD = gnu11;
				GCC_DYNAMIC_NO_PIC = NO;
				GCC_NO_COMMON_BLOCKS = YES;
				GCC_OPTIMIZATION_LEVEL = 0;
				GCC_PREPROCESSOR_DEFINITIONS = (
					"DEBUG=1",
					"$(inherited)",
				);
				GCC_WARN_64_TO_32_BIT_CONVERSION = YES;
				GCC_WARN_ABOUT_RETURN_TYPE = YES_ERROR;
				GCC_WARN_UNDECLARED_SELECTOR = YES;
				GCC_WARN_UNINITIALIZED_AUTOS = YES_AGGRESSIVE;
				GCC_WARN_UNUSED_FUNCTION = YES;
				GCC_WARN_UNUSED_VARIABLE = YES;
				IPHONEOS_DEPLOYMENT_TARGET = 15.5;
				MTL_ENABLE_DEBUG_INFO = INCLUDE_SOURCE;
				MTL_FAST_MATH = YES;
				ONLY_ACTIVE_ARCH = YES;
				SDKROOT = iphoneos;
				SWIFT_ACTIVE_COMPILATION_CONDITIONS = DEBUG;
				SWIFT_OPTIMIZATION_LEVEL = "-Onone";
			};
			name = Debug;
		};
		9A1C1EF02894496100E3B897 /* Release */ = {
			isa = XCBuildConfiguration;
			buildSettings = {
				ALWAYS_SEARCH_USER_PATHS = NO;
				CLANG_ANALYZER_NONNULL = YES;
				CLANG_ANALYZER_NUMBER_OBJECT_CONVERSION = YES_AGGRESSIVE;
				CLANG_CXX_LANGUAGE_STANDARD = "gnu++17";
				CLANG_ENABLE_MODULES = YES;
				CLANG_ENABLE_OBJC_ARC = YES;
				CLANG_ENABLE_OBJC_WEAK = YES;
				CLANG_WARN_BLOCK_CAPTURE_AUTORELEASING = YES;
				CLANG_WARN_BOOL_CONVERSION = YES;
				CLANG_WARN_COMMA = YES;
				CLANG_WARN_CONSTANT_CONVERSION = YES;
				CLANG_WARN_DEPRECATED_OBJC_IMPLEMENTATIONS = YES;
				CLANG_WARN_DIRECT_OBJC_ISA_USAGE = YES_ERROR;
				CLANG_WARN_DOCUMENTATION_COMMENTS = YES;
				CLANG_WARN_EMPTY_BODY = YES;
				CLANG_WARN_ENUM_CONVERSION = YES;
				CLANG_WARN_INFINITE_RECURSION = YES;
				CLANG_WARN_INT_CONVERSION = YES;
				CLANG_WARN_NON_LITERAL_NULL_CONVERSION = YES;
				CLANG_WARN_OBJC_IMPLICIT_RETAIN_SELF = YES;
				CLANG_WARN_OBJC_LITERAL_CONVERSION = YES;
				CLANG_WARN_OBJC_ROOT_CLASS = YES_ERROR;
				CLANG_WARN_QUOTED_INCLUDE_IN_FRAMEWORK_HEADER = YES;
				CLANG_WARN_RANGE_LOOP_ANALYSIS = YES;
				CLANG_WARN_STRICT_PROTOTYPES = YES;
				CLANG_WARN_SUSPICIOUS_MOVE = YES;
				CLANG_WARN_UNGUARDED_AVAILABILITY = YES_AGGRESSIVE;
				CLANG_WARN_UNREACHABLE_CODE = YES;
				CLANG_WARN__DUPLICATE_METHOD_MATCH = YES;
				COPY_PHASE_STRIP = NO;
				DEBUG_INFORMATION_FORMAT = "dwarf-with-dsym";
				ENABLE_NS_ASSERTIONS = NO;
				ENABLE_STRICT_OBJC_MSGSEND = YES;
				GCC_C_LANGUAGE_STANDARD = gnu11;
				GCC_NO_COMMON_BLOCKS = YES;
				GCC_WARN_64_TO_32_BIT_CONVERSION = YES;
				GCC_WARN_ABOUT_RETURN_TYPE = YES_ERROR;
				GCC_WARN_UNDECLARED_SELECTOR = YES;
				GCC_WARN_UNINITIALIZED_AUTOS = YES_AGGRESSIVE;
				GCC_WARN_UNUSED_FUNCTION = YES;
				GCC_WARN_UNUSED_VARIABLE = YES;
				IPHONEOS_DEPLOYMENT_TARGET = 15.5;
				MTL_ENABLE_DEBUG_INFO = NO;
				MTL_FAST_MATH = YES;
				SDKROOT = iphoneos;
				SWIFT_COMPILATION_MODE = wholemodule;
				SWIFT_OPTIMIZATION_LEVEL = "-O";
				VALIDATE_PRODUCT = YES;
			};
			name = Release;
		};
		9A1C1EF22894496100E3B897 /* Debug */ = {
			isa = XCBuildConfiguration;
			buildSettings = {
				ASSETCATALOG_COMPILER_APPICON_NAME = AppIcon;
				ASSETCATALOG_COMPILER_GLOBAL_ACCENT_COLOR_NAME = AccentColor;
				CODE_SIGN_STYLE = Automatic;
				CURRENT_PROJECT_VERSION = 1;
				DEVELOPMENT_TEAM = 9BZ4794R5K;
				GENERATE_INFOPLIST_FILE = YES;
				INFOPLIST_FILE = FlatRockyMovies/SupportingFiles/Info.plist;
				INFOPLIST_KEY_UIApplicationSupportsIndirectInputEvents = YES;
				INFOPLIST_KEY_UILaunchStoryboardName = LaunchScreen;
				INFOPLIST_KEY_UISupportedInterfaceOrientations_iPad = "UIInterfaceOrientationPortrait UIInterfaceOrientationPortraitUpsideDown UIInterfaceOrientationLandscapeLeft UIInterfaceOrientationLandscapeRight";
				INFOPLIST_KEY_UISupportedInterfaceOrientations_iPhone = "UIInterfaceOrientationPortrait UIInterfaceOrientationLandscapeLeft UIInterfaceOrientationLandscapeRight";
				LD_RUNPATH_SEARCH_PATHS = (
					"$(inherited)",
					"@executable_path/Frameworks",
				);
				MARKETING_VERSION = 1.0;
				PRODUCT_BUNDLE_IDENTIFIER = com.tbcbootcamp.FlatRockyMovies;
				PRODUCT_NAME = "$(TARGET_NAME)";
				SWIFT_EMIT_LOC_STRINGS = YES;
				SWIFT_VERSION = 5.0;
				TARGETED_DEVICE_FAMILY = "1,2";
			};
			name = Debug;
		};
		9A1C1EF32894496100E3B897 /* Release */ = {
			isa = XCBuildConfiguration;
			buildSettings = {
				ASSETCATALOG_COMPILER_APPICON_NAME = AppIcon;
				ASSETCATALOG_COMPILER_GLOBAL_ACCENT_COLOR_NAME = AccentColor;
				CODE_SIGN_STYLE = Automatic;
				CURRENT_PROJECT_VERSION = 1;
				DEVELOPMENT_TEAM = 9BZ4794R5K;
				GENERATE_INFOPLIST_FILE = YES;
				INFOPLIST_FILE = FlatRockyMovies/SupportingFiles/Info.plist;
				INFOPLIST_KEY_UIApplicationSupportsIndirectInputEvents = YES;
				INFOPLIST_KEY_UILaunchStoryboardName = LaunchScreen;
				INFOPLIST_KEY_UISupportedInterfaceOrientations_iPad = "UIInterfaceOrientationPortrait UIInterfaceOrientationPortraitUpsideDown UIInterfaceOrientationLandscapeLeft UIInterfaceOrientationLandscapeRight";
				INFOPLIST_KEY_UISupportedInterfaceOrientations_iPhone = "UIInterfaceOrientationPortrait UIInterfaceOrientationLandscapeLeft UIInterfaceOrientationLandscapeRight";
				LD_RUNPATH_SEARCH_PATHS = (
					"$(inherited)",
					"@executable_path/Frameworks",
				);
				MARKETING_VERSION = 1.0;
				PRODUCT_BUNDLE_IDENTIFIER = com.tbcbootcamp.FlatRockyMovies;
				PRODUCT_NAME = "$(TARGET_NAME)";
				SWIFT_EMIT_LOC_STRINGS = YES;
				SWIFT_VERSION = 5.0;
				TARGETED_DEVICE_FAMILY = "1,2";
			};
			name = Release;
		};
/* End XCBuildConfiguration section */

/* Begin XCConfigurationList section */
		9A1C1ED52894495D00E3B897 /* Build configuration list for PBXProject "FlatRockyMovies" */ = {
			isa = XCConfigurationList;
			buildConfigurations = (
				9A1C1EEF2894496100E3B897 /* Debug */,
				9A1C1EF02894496100E3B897 /* Release */,
			);
			defaultConfigurationIsVisible = 0;
			defaultConfigurationName = Release;
		};
		9A1C1EF12894496100E3B897 /* Build configuration list for PBXNativeTarget "FlatRockyMovies" */ = {
			isa = XCConfigurationList;
			buildConfigurations = (
				9A1C1EF22894496100E3B897 /* Debug */,
				9A1C1EF32894496100E3B897 /* Release */,
			);
			defaultConfigurationIsVisible = 0;
			defaultConfigurationName = Release;
		};
/* End XCConfigurationList section */

/* Begin XCVersionGroup section */
		9A1C1EE62894495E00E3B897 /* FlatRockyMovies.xcdatamodeld */ = {
			isa = XCVersionGroup;
			children = (
				9A1C1EE72894495E00E3B897 /* FlatRockyMovies.xcdatamodel */,
			);
			currentVersion = 9A1C1EE72894495E00E3B897 /* FlatRockyMovies.xcdatamodel */;
			path = FlatRockyMovies.xcdatamodeld;
			sourceTree = "<group>";
			versionGroupType = wrapper.xcdatamodel;
		};
/* End XCVersionGroup section */
	};
	rootObject = 9A1C1ED22894495D00E3B897 /* Project object */;
}
